
Microsoft Visual Studio Solution File, Format Version 12.00
# Visual Studio 14
VisualStudioVersion = 14.0.23107.0
MinimumVisualStudioVersion = 10.0.40219.1
Project("{FAE04EC0-301F-11D3-BF4B-00C04F79EFBC}") = "SortingAlgorithms", "MergeSort\SortingAlgorithms.csproj", "{42E6D4DC-4121-4CCF-9C01-50E8D7B4D0B9}"
EndProject
Project("{FAE04EC0-301F-11D3-BF4B-00C04F79EFBC}") = "SortUnitTest", "SortUnitTest\SortUnitTest.csproj", "{1163F436-1AD0-4F72-8E3C-51FD31EDA9BB}"
EndProject
Project("{FAE04EC0-301F-11D3-BF4B-00C04F79EFBC}") = "DataStructures", "LinearDataStructures\DataStructures.csproj", "{7250AF8A-5430-4F3E-989E-B647A20244F9}"
EndProject
Project("{FAE04EC0-301F-11D3-BF4B-00C04F79EFBC}") = "DataStructuresTest", "DataStructuresTest\DataStructuresTest.csproj", "{0729FD15-DC43-45AD-BC19-74AA6831F6AB}"
EndProject
Project("{FAE04EC0-301F-11D3-BF4B-00C04F79EFBC}") = "UnionFind", "UnionFind\UnionFind.csproj", "{2B6F08AD-E3F0-45CB-840E-35B3FCF9468E}"
EndProject
Project("{FAE04EC0-301F-11D3-BF4B-00C04F79EFBC}") = "UnionFindTest", "UnionFindTest\UnionFindTest.csproj", "{125E4448-A38C-44A0-9E38-E2627EAE0B52}"
EndProject
Project("{FAE04EC0-301F-11D3-BF4B-00C04F79EFBC}") = "Utils", "Utils\Utils.csproj", "{3E94561B-784E-45C7-B907-E1E8647A2B7F}"
EndProject
Project("{FAE04EC0-301F-11D3-BF4B-00C04F79EFBC}") = "UtilsTest", "UtilsTest\UtilsTest.csproj", "{06CC61AC-4569-4353-8113-362FDEA1B057}"
EndProject
Global
	GlobalSection(SolutionConfigurationPlatforms) = preSolution
		Debug|Any CPU = Debug|Any CPU
		Release|Any CPU = Release|Any CPU
	EndGlobalSection
	GlobalSection(ProjectConfigurationPlatforms) = postSolution
		{42E6D4DC-4121-4CCF-9C01-50E8D7B4D0B9}.Debug|Any CPU.ActiveCfg = Debug|Any CPU
		{42E6D4DC-4121-4CCF-9C01-50E8D7B4D0B9}.Debug|Any CPU.Build.0 = Debug|Any CPU
		{42E6D4DC-4121-4CCF-9C01-50E8D7B4D0B9}.Release|Any CPU.ActiveCfg = Release|Any CPU
		{42E6D4DC-4121-4CCF-9C01-50E8D7B4D0B9}.Release|Any CPU.Build.0 = Release|Any CPU
		{1163F436-1AD0-4F72-8E3C-51FD31EDA9BB}.Debug|Any CPU.ActiveCfg = Debug|Any CPU
		{1163F436-1AD0-4F72-8E3C-51FD31EDA9BB}.Debug|Any CPU.Build.0 = Debug|Any CPU
		{1163F436-1AD0-4F72-8E3C-51FD31EDA9BB}.Release|Any CPU.ActiveCfg = Release|Any CPU
		{1163F436-1AD0-4F72-8E3C-51FD31EDA9BB}.Release|Any CPU.Build.0 = Release|Any CPU
		{7250AF8A-5430-4F3E-989E-B647A20244F9}.Debug|Any CPU.ActiveCfg = Debug|Any CPU
		{7250AF8A-5430-4F3E-989E-B647A20244F9}.Debug|Any CPU.Build.0 = Debug|Any CPU
		{7250AF8A-5430-4F3E-989E-B647A20244F9}.Release|Any CPU.ActiveCfg = Release|Any CPU
		{7250AF8A-5430-4F3E-989E-B647A20244F9}.Release|Any CPU.Build.0 = Release|Any CPU
		{0729FD15-DC43-45AD-BC19-74AA6831F6AB}.Debug|Any CPU.ActiveCfg = Debug|Any CPU
		{0729FD15-DC43-45AD-BC19-74AA6831F6AB}.Debug|Any CPU.Build.0 = Debug|Any CPU
		{0729FD15-DC43-45AD-BC19-74AA6831F6AB}.Release|Any CPU.ActiveCfg = Release|Any CPU
		{0729FD15-DC43-45AD-BC19-74AA6831F6AB}.Release|Any CPU.Build.0 = Release|Any CPU
		{2B6F08AD-E3F0-45CB-840E-35B3FCF9468E}.Debug|Any CPU.ActiveCfg = Debug|Any CPU
		{2B6F08AD-E3F0-45CB-840E-35B3FCF9468E}.Debug|Any CPU.Build.0 = Debug|Any CPU
		{2B6F08AD-E3F0-45CB-840E-35B3FCF9468E}.Release|Any CPU.ActiveCfg = Release|Any CPU
		{2B6F08AD-E3F0-45CB-840E-35B3FCF9468E}.Release|Any CPU.Build.0 = Release|Any CPU
		{125E4448-A38C-44A0-9E38-E2627EAE0B52}.Debug|Any CPU.ActiveCfg = Debug|Any CPU
		{125E4448-A38C-44A0-9E38-E2627EAE0B52}.Debug|Any CPU.Build.0 = Debug|Any CPU
		{125E4448-A38C-44A0-9E38-E2627EAE0B52}.Release|Any CPU.ActiveCfg = Release|Any CPU
		{125E4448-A38C-44A0-9E38-E2627EAE0B52}.Release|Any CPU.Build.0 = Release|Any CPU
		{3E94561B-784E-45C7-B907-E1E8647A2B7F}.Debug|Any CPU.ActiveCfg = Debug|Any CPU
		{3E94561B-784E-45C7-B907-E1E8647A2B7F}.Debug|Any CPU.Build.0 = Debug|Any CPU
		{3E94561B-784E-45C7-B907-E1E8647A2B7F}.Release|Any CPU.ActiveCfg = Release|Any CPU
		{3E94561B-784E-45C7-B907-E1E8647A2B7F}.Release|Any CPU.Build.0 = Release|Any CPU
		{06CC61AC-4569-4353-8113-362FDEA1B057}.Debug|Any CPU.ActiveCfg = Debug|Any CPU
		{06CC61AC-4569-4353-8113-362FDEA1B057}.Debug|Any CPU.Build.0 = Debug|Any CPU
		{06CC61AC-4569-4353-8113-362FDEA1B057}.Release|Any CPU.ActiveCfg = Release|Any CPU
		{06CC61AC-4569-4353-8113-362FDEA1B057}.Release|Any CPU.Build.0 = Release|Any CPU
	EndGlobalSection
	GlobalSection(SolutionProperties) = preSolution
		HideSolutionNode = FALSE
	EndGlobalSection
EndGlobal
